// !$*UTF8*$!
{
	archiveVersion = 1;
	classes = {
	};
	objectVersion = 77;
	objects = {

/* Begin PBXBuildFile section */
		2BE5DA662F13C02300742EE5 /* Auth in Frameworks */ = {isa = PBXBuildFile; productRef = 2BE5DA652F13C02300742EE5 /* Auth */; };
		2BE5DA682F13C02300742EE5 /* PostgREST in Frameworks */ = {isa = PBXBuildFile; productRef = 2BE5DA672F13C02300742EE5 /* PostgREST */; };
		2BE5DA6B2F13C1A800742EE5 /* Supabase in Frameworks */ = {isa = PBXBuildFile; productRef = 2BE5DA6A2F13C1A800742EE5 /* Supabase */; };
		2BE5DA8F2F15286700742EE5 /* PopupView in Frameworks */ = {isa = PBXBuildFile; productRef = 2BE5DA8E2F15286700742EE5 /* PopupView */; };
		2BE5DA922F1528C900742EE5 /* Lottie in Frameworks */ = {isa = PBXBuildFile; productRef = 2BE5DA912F1528C900742EE5 /* Lottie */; };
		2BE5DA952F1528E900742EE5 /* LiquidGlass in Frameworks */ = {isa = PBXBuildFile; productRef = 2BE5DA942F1528E900742EE5 /* LiquidGlass */; };
		2BE5DA982F15290800742EE5 /* AnimateText in Frameworks */ = {isa = PBXBuildFile; productRef = 2BE5DA972F15290800742EE5 /* AnimateText */; };
		2BE5DA9B2F1529BA00742EE5 /* Kingfisher in Frameworks */ = {isa = PBXBuildFile; productRef = 2BE5DA9A2F1529BA00742EE5 /* Kingfisher */; };
		2BE5DA9E2F1529DD00742EE5 /* SwiftUIX in Frameworks */ = {isa = PBXBuildFile; productRef = 2BE5DA9D2F1529DD00742EE5 /* SwiftUIX */; };
		2BE5DAA12F1529FE00742EE5 /* ConfettiSwiftUI in Frameworks */ = {isa = PBXBuildFile; productRef = 2BE5DAA02F1529FE00742EE5 /* ConfettiSwiftUI */; };
		2BE5DAA42F152A2100742EE5 /* Shimmer in Frameworks */ = {isa = PBXBuildFile; productRef = 2BE5DAA32F152A2100742EE5 /* Shimmer */; };
		2BE5DAAC2F152A9D00742EE5 /* ConcentricOnboarding in Frameworks */ = {isa = PBXBuildFile; productRef = 2BE5DAAB2F152A9D00742EE5 /* ConcentricOnboarding */; };
		2BE5DAAF2F15423800742EE5 /* SwifterSwift in Frameworks */ = {isa = PBXBuildFile; productRef = 2BE5DAAE2F15423800742EE5 /* SwifterSwift */; };
/* End PBXBuildFile section */

/* Begin PBXContainerItemProxy section */
		2B0715E22E7066AF003FE51A /* PBXContainerItemProxy */ = {
			isa = PBXContainerItemProxy;
			containerPortal = 2B0715C82E7066AD003FE51A /* Project object */;
			proxyType = 1;
			remoteGlobalIDString = 2B0715CF2E7066AD003FE51A;
			remoteInfo = Cirkl;
		};
		2B0715EC2E7066AF003FE51A /* PBXContainerItemProxy */ = {
			isa = PBXContainerItemProxy;
			containerPortal = 2B0715C82E7066AD003FE51A /* Project object */;
			proxyType = 1;
			remoteGlobalIDString = 2B0715CF2E7066AD003FE51A;
			remoteInfo = Cirkl;
		};
/* End PBXContainerItemProxy section */

/* Begin PBXFileReference section */
		2B0715D02E7066AD003FE51A /* Cirkl.app */ = {isa = PBXFileReference; explicitFileType = wrapper.application; includeInIndex = 0; path = Cirkl.app; sourceTree = BUILT_PRODUCTS_DIR; };
		2B0715E12E7066AF003FE51A /* CirklTests.xctest */ = {isa = PBXFileReference; explicitFileType = wrapper.cfbundle; includeInIndex = 0; path = CirklTests.xctest; sourceTree = BUILT_PRODUCTS_DIR; };
		2B0715EB2E7066AF003FE51A /* CirklUITests.xctest */ = {isa = PBXFileReference; explicitFileType = wrapper.cfbundle; includeInIndex = 0; path = CirklUITests.xctest; sourceTree = BUILT_PRODUCTS_DIR; };
/* End PBXFileReference section */

/* Begin PBXFileSystemSynchronizedBuildFileExceptionSet section */
		2B0715F32E7066AF003FE51A /* Exceptions for "Cirkl" folder in "Cirkl" target */ = {
			isa = PBXFileSystemSynchronizedBuildFileExceptionSet;
			membershipExceptions = (
				Info.plist,
			);
			target = 2B0715CF2E7066AD003FE51A /* Cirkl */;
		};
/* End PBXFileSystemSynchronizedBuildFileExceptionSet section */

/* Begin PBXFileSystemSynchronizedRootGroup section */
		2B0715D22E7066AD003FE51A /* Cirkl */ = {
			isa = PBXFileSystemSynchronizedRootGroup;
			exceptions = (
				2B0715F32E7066AF003FE51A /* Exceptions for "Cirkl" folder in "Cirkl" target */,
			);
			path = Cirkl;
			sourceTree = "<group>";
		};
		2B0715E42E7066AF003FE51A /* CirklTests */ = {
			isa = PBXFileSystemSynchronizedRootGroup;
			path = CirklTests;
			sourceTree = "<group>";
		};
		2B0715EE2E7066AF003FE51A /* CirklUITests */ = {
			isa = PBXFileSystemSynchronizedRootGroup;
			path = CirklUITests;
			sourceTree = "<group>";
		};
/* End PBXFileSystemSynchronizedRootGroup section */

/* Begin PBXFrameworksBuildPhase section */
		2B0715CD2E7066AD003FE51A /* Frameworks */ = {
			isa = PBXFrameworksBuildPhase;
			buildActionMask = 2147483647;
			files = (
				2BE5DAA12F1529FE00742EE5 /* ConfettiSwiftUI in Frameworks */,
				2BE5DA9E2F1529DD00742EE5 /* SwiftUIX in Frameworks */,
				2BE5DA922F1528C900742EE5 /* Lottie in Frameworks */,
				2BE5DAAF2F15423800742EE5 /* SwifterSwift in Frameworks */,
				2BE5DA952F1528E900742EE5 /* LiquidGlass in Frameworks */,
				2BE5DA8F2F15286700742EE5 /* PopupView in Frameworks */,
				2BE5DA982F15290800742EE5 /* AnimateText in Frameworks */,
				2BE5DA9B2F1529BA00742EE5 /* Kingfisher in Frameworks */,
				2BE5DA682F13C02300742EE5 /* PostgREST in Frameworks */,
				2BE5DA662F13C02300742EE5 /* Auth in Frameworks */,
				2BE5DA6B2F13C1A800742EE5 /* Supabase in Frameworks */,
				2BE5DAA42F152A2100742EE5 /* Shimmer in Frameworks */,
				2BE5DAAC2F152A9D00742EE5 /* ConcentricOnboarding in Frameworks */,
			);
			runOnlyForDeploymentPostprocessing = 0;
		};
		2B0715DE2E7066AF003FE51A /* Frameworks */ = {
			isa = PBXFrameworksBuildPhase;
			buildActionMask = 2147483647;
			files = (
			);
			runOnlyForDeploymentPostprocessing = 0;
		};
		2B0715E82E7066AF003FE51A /* Frameworks */ = {
			isa = PBXFrameworksBuildPhase;
			buildActionMask = 2147483647;
			files = (
			);
			runOnlyForDeploymentPostprocessing = 0;
		};
/* End PBXFrameworksBuildPhase section */

/* Begin PBXGroup section */
		2B0715C72E7066AD003FE51A = {
			isa = PBXGroup;
			children = (
				2B0715D22E7066AD003FE51A /* Cirkl */,
				2B0715E42E7066AF003FE51A /* CirklTests */,
				2B0715EE2E7066AF003FE51A /* CirklUITests */,
				2BE5DA692F13C1A800742EE5 /* Frameworks */,
				2B0715D12E7066AD003FE51A /* Products */,
			);
			sourceTree = "<group>";
		};
		2B0715D12E7066AD003FE51A /* Products */ = {
			isa = PBXGroup;
			children = (
				2B0715D02E7066AD003FE51A /* Cirkl.app */,
				2B0715E12E7066AF003FE51A /* CirklTests.xctest */,
				2B0715EB2E7066AF003FE51A /* CirklUITests.xctest */,
			);
			name = Products;
			sourceTree = "<group>";
		};
		2BE5DA692F13C1A800742EE5 /* Frameworks */ = {
			isa = PBXGroup;
			children = (
			);
			name = Frameworks;
			sourceTree = "<group>";
		};
/* End PBXGroup section */

/* Begin PBXNativeTarget section */
		2B0715CF2E7066AD003FE51A /* Cirkl */ = {
			isa = PBXNativeTarget;
			buildConfigurationList = 2B0715F42E7066AF003FE51A /* Build configuration list for PBXNativeTarget "Cirkl" */;
			buildPhases = (
				2B0715CC2E7066AD003FE51A /* Sources */,
				2B0715CD2E7066AD003FE51A /* Frameworks */,
				2B0715CE2E7066AD003FE51A /* Resources */,
			);
			buildRules = (
			);
			dependencies = (
			);
			fileSystemSynchronizedGroups = (
				2B0715D22E7066AD003FE51A /* Cirkl */,
			);
			name = Cirkl;
			packageProductDependencies = (
				2BE5DA652F13C02300742EE5 /* Auth */,
				2BE5DA672F13C02300742EE5 /* PostgREST */,
				2BE5DA6A2F13C1A800742EE5 /* Supabase */,
				2BE5DA8E2F15286700742EE5 /* PopupView */,
				2BE5DA912F1528C900742EE5 /* Lottie */,
				2BE5DA942F1528E900742EE5 /* LiquidGlass */,
				2BE5DA972F15290800742EE5 /* AnimateText */,
				2BE5DA9A2F1529BA00742EE5 /* Kingfisher */,
				2BE5DA9D2F1529DD00742EE5 /* SwiftUIX */,
				2BE5DAA02F1529FE00742EE5 /* ConfettiSwiftUI */,
				2BE5DAA32F152A2100742EE5 /* Shimmer */,
				2BE5DAAB2F152A9D00742EE5 /* ConcentricOnboarding */,
				2BE5DAAE2F15423800742EE5 /* SwifterSwift */,
			);
			productName = Cirkl;
			productReference = 2B0715D02E7066AD003FE51A /* Cirkl.app */;
			productType = "com.apple.product-type.application";
		};
		2B0715E02E7066AF003FE51A /* CirklTests */ = {
			isa = PBXNativeTarget;
			buildConfigurationList = 2B0715F92E7066AF003FE51A /* Build configuration list for PBXNativeTarget "CirklTests" */;
			buildPhases = (
				2B0715DD2E7066AF003FE51A /* Sources */,
				2B0715DE2E7066AF003FE51A /* Frameworks */,
				2B0715DF2E7066AF003FE51A /* Resources */,
			);
			buildRules = (
			);
			dependencies = (
				2B0715E32E7066AF003FE51A /* PBXTargetDependency */,
			);
			fileSystemSynchronizedGroups = (
				2B0715E42E7066AF003FE51A /* CirklTests */,
			);
			name = CirklTests;
			packageProductDependencies = (
			);
			productName = CirklTests;
			productReference = 2B0715E12E7066AF003FE51A /* CirklTests.xctest */;
			productType = "com.apple.product-type.bundle.unit-test";
		};
		2B0715EA2E7066AF003FE51A /* CirklUITests */ = {
			isa = PBXNativeTarget;
			buildConfigurationList = 2B0715FC2E7066AF003FE51A /* Build configuration list for PBXNativeTarget "CirklUITests" */;
			buildPhases = (
				2B0715E72E7066AF003FE51A /* Sources */,
				2B0715E82E7066AF003FE51A /* Frameworks */,
				2B0715E92E7066AF003FE51A /* Resources */,
			);
			buildRules = (
			);
			dependencies = (
				2B0715ED2E7066AF003FE51A /* PBXTargetDependency */,
			);
			fileSystemSynchronizedGroups = (
				2B0715EE2E7066AF003FE51A /* CirklUITests */,
			);
			name = CirklUITests;
			packageProductDependencies = (
			);
			productName = CirklUITests;
			productReference = 2B0715EB2E7066AF003FE51A /* CirklUITests.xctest */;
			productType = "com.apple.product-type.bundle.ui-testing";
		};
/* End PBXNativeTarget section */

/* Begin PBXProject section */
		2B0715C82E7066AD003FE51A /* Project object */ = {
			isa = PBXProject;
			attributes = {
				BuildIndependentTargetsInParallel = 1;
				LastSwiftUpdateCheck = 1640;
				LastUpgradeCheck = 2600;
				TargetAttributes = {
					2B0715CF2E7066AD003FE51A = {
						CreatedOnToolsVersion = 16.4;
					};
					2B0715E02E7066AF003FE51A = {
						CreatedOnToolsVersion = 16.4;
						TestTargetID = 2B0715CF2E7066AD003FE51A;
					};
					2B0715EA2E7066AF003FE51A = {
						CreatedOnToolsVersion = 16.4;
						TestTargetID = 2B0715CF2E7066AD003FE51A;
					};
				};
			};
			buildConfigurationList = 2B0715CB2E7066AD003FE51A /* Build configuration list for PBXProject "Cirkl" */;
			developmentRegion = en;
			hasScannedForEncodings = 0;
			knownRegions = (
				en,
				Base,
			);
			mainGroup = 2B0715C72E7066AD003FE51A;
			minimizedProjectReferenceProxies = 1;
			packageReferences = (
				2BE5DA642F13C02300742EE5 /* XCRemoteSwiftPackageReference "supabase-swift" */,
				2BE5DA8D2F15286700742EE5 /* XCRemoteSwiftPackageReference "PopupView" */,
				2BE5DA902F1528C900742EE5 /* XCRemoteSwiftPackageReference "lottie-ios" */,
				2BE5DA932F1528E900742EE5 /* XCRemoteSwiftPackageReference "LiquidGlass" */,
				2BE5DA962F15290800742EE5 /* XCRemoteSwiftPackageReference "AnimateText" */,
				2BE5DA992F1529BA00742EE5 /* XCRemoteSwiftPackageReference "Kingfisher" */,
				2BE5DA9C2F1529DD00742EE5 /* XCRemoteSwiftPackageReference "SwiftUIX" */,
				2BE5DA9F2F1529FE00742EE5 /* XCRemoteSwiftPackageReference "ConfettiSwiftUI" */,
				2BE5DAA22F152A2100742EE5 /* XCRemoteSwiftPackageReference "SwiftUI-Shimmer" */,
				2BE5DAAA2F152A9D00742EE5 /* XCRemoteSwiftPackageReference "ConcentricOnboarding" */,
				2BE5DAAD2F15423800742EE5 /* XCRemoteSwiftPackageReference "SwifterSwift" */,
			);
			preferredProjectObjectVersion = 77;
			productRefGroup = 2B0715D12E7066AD003FE51A /* Products */;
			projectDirPath = "";
			projectRoot = "";
			targets = (
				2B0715CF2E7066AD003FE51A /* Cirkl */,
				2B0715E02E7066AF003FE51A /* CirklTests */,
				2B0715EA2E7066AF003FE51A /* CirklUITests */,
			);
		};
/* End PBXProject section */

/* Begin PBXResourcesBuildPhase section */
		2B0715CE2E7066AD003FE51A /* Resources */ = {
			isa = PBXResourcesBuildPhase;
			buildActionMask = 2147483647;
			files = (
			);
			runOnlyForDeploymentPostprocessing = 0;
		};
		2B0715DF2E7066AF003FE51A /* Resources */ = {
			isa = PBXResourcesBuildPhase;
			buildActionMask = 2147483647;
			files = (
			);
			runOnlyForDeploymentPostprocessing = 0;
		};
		2B0715E92E7066AF003FE51A /* Resources */ = {
			isa = PBXResourcesBuildPhase;
			buildActionMask = 2147483647;
			files = (
			);
			runOnlyForDeploymentPostprocessing = 0;
		};
/* End PBXResourcesBuildPhase section */

/* Begin PBXSourcesBuildPhase section */
		2B0715CC2E7066AD003FE51A /* Sources */ = {
			isa = PBXSourcesBuildPhase;
			buildActionMask = 2147483647;
			files = (
			);
			runOnlyForDeploymentPostprocessing = 0;
		};
		2B0715DD2E7066AF003FE51A /* Sources */ = {
			isa = PBXSourcesBuildPhase;
			buildActionMask = 2147483647;
			files = (
			);
			runOnlyForDeploymentPostprocessing = 0;
		};
		2B0715E72E7066AF003FE51A /* Sources */ = {
			isa = PBXSourcesBuildPhase;
			buildActionMask = 2147483647;
			files = (
			);
			runOnlyForDeploymentPostprocessing = 0;
		};
/* End PBXSourcesBuildPhase section */

/* Begin PBXTargetDependency section */
		2B0715E32E7066AF003FE51A /* PBXTargetDependency */ = {
			isa = PBXTargetDependency;
			target = 2B0715CF2E7066AD003FE51A /* Cirkl */;
			targetProxy = 2B0715E22E7066AF003FE51A /* PBXContainerItemProxy */;
		};
		2B0715ED2E7066AF003FE51A /* PBXTargetDependency */ = {
			isa = PBXTargetDependency;
			target = 2B0715CF2E7066AD003FE51A /* Cirkl */;
			targetProxy = 2B0715EC2E7066AF003FE51A /* PBXContainerItemProxy */;
		};
/* End PBXTargetDependency section */

/* Begin XCBuildConfiguration section */
		2B0715F52E7066AF003FE51A /* Debug */ = {
			isa = XCBuildConfiguration;
			buildSettings = {
				ASSETCATALOG_COMPILER_APPICON_NAME = AppIcon;
				ASSETCATALOG_COMPILER_GLOBAL_ACCENT_COLOR_NAME = AccentColor;
				CODE_SIGN_ENTITLEMENTS = Cirkl/Cirkl.entitlements;
				CODE_SIGN_STYLE = Automatic;
				CURRENT_PROJECT_VERSION = 1;
				DEVELOPMENT_TEAM = CUD7AHFGT3;
				ENABLE_APP_SANDBOX = YES;
				ENABLE_PREVIEWS = YES;
				ENABLE_USER_SELECTED_FILES = readonly;
				GENERATE_INFOPLIST_FILE = YES;
				INFOPLIST_FILE = Cirkl/Info.plist;
				INFOPLIST_KEY_UIApplicationSceneManifest_Generation = YES;
				INFOPLIST_KEY_UIApplicationSupportsIndirectInputEvents = YES;
				INFOPLIST_KEY_UILaunchScreen_Generation = YES;
				INFOPLIST_KEY_UISupportedInterfaceOrientations_iPad = "UIInterfaceOrientationPortrait UIInterfaceOrientationPortraitUpsideDown UIInterfaceOrientationLandscapeLeft UIInterfaceOrientationLandscapeRight";
				INFOPLIST_KEY_UISupportedInterfaceOrientations_iPhone = UIInterfaceOrientationPortrait;
				IPHONEOS_DEPLOYMENT_TARGET = 26.0;
				LD_RUNPATH_SEARCH_PATHS = (
					"$(inherited)",
					"@executable_path/Frameworks",
				);
				MARKETING_VERSION = 1.0;
				PRODUCT_BUNDLE_IDENTIFIER = com.cirkl.Cirkl;
				PRODUCT_NAME = "$(TARGET_NAME)";
				SWIFT_EMIT_LOC_STRINGS = YES;
				SWIFT_VERSION = 5.0;
				TARGETED_DEVICE_FAMILY = "1,2";
			};
			name = Debug;
		};
		2B0715F62E7066AF003FE51A /* Release */ = {
			isa = XCBuildConfiguration;
			buildSettings = {
				ASSETCATALOG_COMPILER_APPICON_NAME = AppIcon;
				ASSETCATALOG_COMPILER_GLOBAL_ACCENT_COLOR_NAME = AccentColor;
				CODE_SIGN_ENTITLEMENTS = Cirkl/Cirkl.entitlements;
				CODE_SIGN_STYLE = Automatic;
				CURRENT_PROJECT_VERSION = 1;
				DEVELOPMENT_TEAM = CUD7AHFGT3;
				ENABLE_APP_SANDBOX = YES;
				ENABLE_PREVIEWS = YES;
				ENABLE_USER_SELECTED_FILES = readonly;
				GENERATE_INFOPLIST_FILE = YES;
				INFOPLIST_FILE = Cirkl/Info.plist;
				INFOPLIST_KEY_UIApplicationSceneManifest_Generation = YES;
				INFOPLIST_KEY_UIApplicationSupportsIndirectInputEvents = YES;
				INFOPLIST_KEY_UILaunchScreen_Generation = YES;
				INFOPLIST_KEY_UISupportedInterfaceOrientations_iPad = "UIInterfaceOrientationPortrait UIInterfaceOrientationPortraitUpsideDown UIInterfaceOrientationLandscapeLeft UIInterfaceOrientationLandscapeRight";
				INFOPLIST_KEY_UISupportedInterfaceOrientations_iPhone = UIInterfaceOrientationPortrait;
				IPHONEOS_DEPLOYMENT_TARGET = 26.0;
				LD_RUNPATH_SEARCH_PATHS = (
					"$(inherited)",
					"@executable_path/Frameworks",
				);
				MARKETING_VERSION = 1.0;
				PRODUCT_BUNDLE_IDENTIFIER = com.cirkl.Cirkl;
				PRODUCT_NAME = "$(TARGET_NAME)";
				SWIFT_EMIT_LOC_STRINGS = YES;
				SWIFT_VERSION = 5.0;
				TARGETED_DEVICE_FAMILY = "1,2";
			};
			name = Release;
		};
		2B0715F72E7066AF003FE51A /* Debug */ = {
			isa = XCBuildConfiguration;
			buildSettings = {
				ALWAYS_SEARCH_USER_PATHS = NO;
				ASSETCATALOG_COMPILER_GENERATE_SWIFT_ASSET_SYMBOL_EXTENSIONS = YES;
				CLANG_ANALYZER_NONNULL = YES;
				CLANG_ANALYZER_NUMBER_OBJECT_CONVERSION = YES_AGGRESSIVE;
				CLANG_CXX_LANGUAGE_STANDARD = "gnu++20";
				CLANG_ENABLE_MODULES = YES;
				CLANG_ENABLE_OBJC_ARC = YES;
				CLANG_ENABLE_OBJC_WEAK = YES;
				CLANG_WARN_BLOCK_CAPTURE_AUTORELEASING = YES;
				CLANG_WARN_BOOL_CONVERSION = YES;
				CLANG_WARN_COMMA = YES;
				CLANG_WARN_CONSTANT_CONVERSION = YES;
				CLANG_WARN_DEPRECATED_OBJC_IMPLEMENTATIONS = YES;
				CLANG_WARN_DIRECT_OBJC_ISA_USAGE = YES_ERROR;
				CLANG_WARN_DOCUMENTATION_COMMENTS = YES;
				CLANG_WARN_EMPTY_BODY = YES;
				CLANG_WARN_ENUM_CONVERSION = YES;
				CLANG_WARN_INFINITE_RECURSION = YES;
				CLANG_WARN_INT_CONVERSION = YES;
				CLANG_WARN_NON_LITERAL_NULL_CONVERSION = YES;
				CLANG_WARN_OBJC_IMPLICIT_RETAIN_SELF = YES;
				CLANG_WARN_OBJC_LITERAL_CONVERSION = YES;
				CLANG_WARN_OBJC_ROOT_CLASS = YES_ERROR;
				CLANG_WARN_QUOTED_INCLUDE_IN_FRAMEWORK_HEADER = YES;
				CLANG_WARN_RANGE_LOOP_ANALYSIS = YES;
				CLANG_WARN_STRICT_PROTOTYPES = YES;
				CLANG_WARN_SUSPICIOUS_MOVE = YES;
				CLANG_WARN_UNGUARDED_AVAILABILITY = YES_AGGRESSIVE;
				CLANG_WARN_UNREACHABLE_CODE = YES;
				CLANG_WARN__DUPLICATE_METHOD_MATCH = YES;
				COPY_PHASE_STRIP = NO;
				DEBUG_INFORMATION_FORMAT = dwarf;
				ENABLE_STRICT_OBJC_MSGSEND = YES;
				ENABLE_TESTABILITY = YES;
				ENABLE_USER_SCRIPT_SANDBOXING = YES;
				GCC_C_LANGUAGE_STANDARD = gnu17;
				GCC_DYNAMIC_NO_PIC = NO;
				GCC_NO_COMMON_BLOCKS = YES;
				GCC_OPTIMIZATION_LEVEL = 0;
				GCC_PREPROCESSOR_DEFINITIONS = (
					"DEBUG=1",
					"$(inherited)",
				);
				GCC_WARN_64_TO_32_BIT_CONVERSION = YES;
				GCC_WARN_ABOUT_RETURN_TYPE = YES_ERROR;
				GCC_WARN_UNDECLARED_SELECTOR = YES;
				GCC_WARN_UNINITIALIZED_AUTOS = YES_AGGRESSIVE;
				GCC_WARN_UNUSED_FUNCTION = YES;
				GCC_WARN_UNUSED_VARIABLE = YES;
				IPHONEOS_DEPLOYMENT_TARGET = 18.5;
				LOCALIZATION_PREFERS_STRING_CATALOGS = YES;
				MTL_ENABLE_DEBUG_INFO = INCLUDE_SOURCE;
				MTL_FAST_MATH = YES;
				ONLY_ACTIVE_ARCH = YES;
				SDKROOT = iphoneos;
				STRING_CATALOG_GENERATE_SYMBOLS = YES;
				SWIFT_ACTIVE_COMPILATION_CONDITIONS = "DEBUG $(inherited)";
				SWIFT_OPTIMIZATION_LEVEL = "-Onone";
			};
			name = Debug;
		};
		2B0715F82E7066AF003FE51A /* Release */ = {
			isa = XCBuildConfiguration;
			buildSettings = {
				ALWAYS_SEARCH_USER_PATHS = NO;
				ASSETCATALOG_COMPILER_GENERATE_SWIFT_ASSET_SYMBOL_EXTENSIONS = YES;
				CLANG_ANALYZER_NONNULL = YES;
				CLANG_ANALYZER_NUMBER_OBJECT_CONVERSION = YES_AGGRESSIVE;
				CLANG_CXX_LANGUAGE_STANDARD = "gnu++20";
				CLANG_ENABLE_MODULES = YES;
				CLANG_ENABLE_OBJC_ARC = YES;
				CLANG_ENABLE_OBJC_WEAK = YES;
				CLANG_WARN_BLOCK_CAPTURE_AUTORELEASING = YES;
				CLANG_WARN_BOOL_CONVERSION = YES;
				CLANG_WARN_COMMA = YES;
				CLANG_WARN_CONSTANT_CONVERSION = YES;
				CLANG_WARN_DEPRECATED_OBJC_IMPLEMENTATIONS = YES;
				CLANG_WARN_DIRECT_OBJC_ISA_USAGE = YES_ERROR;
				CLANG_WARN_DOCUMENTATION_COMMENTS = YES;
				CLANG_WARN_EMPTY_BODY = YES;
				CLANG_WARN_ENUM_CONVERSION = YES;
				CLANG_WARN_INFINITE_RECURSION = YES;
				CLANG_WARN_INT_CONVERSION = YES;
				CLANG_WARN_NON_LITERAL_NULL_CONVERSION = YES;
				CLANG_WARN_OBJC_IMPLICIT_RETAIN_SELF = YES;
				CLANG_WARN_OBJC_LITERAL_CONVERSION = YES;
				CLANG_WARN_OBJC_ROOT_CLASS = YES_ERROR;
				CLANG_WARN_QUOTED_INCLUDE_IN_FRAMEWORK_HEADER = YES;
				CLANG_WARN_RANGE_LOOP_ANALYSIS = YES;
				CLANG_WARN_STRICT_PROTOTYPES = YES;
				CLANG_WARN_SUSPICIOUS_MOVE = YES;
				CLANG_WARN_UNGUARDED_AVAILABILITY = YES_AGGRESSIVE;
				CLANG_WARN_UNREACHABLE_CODE = YES;
				CLANG_WARN__DUPLICATE_METHOD_MATCH = YES;
				COPY_PHASE_STRIP = NO;
				DEBUG_INFORMATION_FORMAT = "dwarf-with-dsym";
				ENABLE_NS_ASSERTIONS = NO;
				ENABLE_STRICT_OBJC_MSGSEND = YES;
				ENABLE_USER_SCRIPT_SANDBOXING = YES;
				GCC_C_LANGUAGE_STANDARD = gnu17;
				GCC_NO_COMMON_BLOCKS = YES;
				GCC_WARN_64_TO_32_BIT_CONVERSION = YES;
				GCC_WARN_ABOUT_RETURN_TYPE = YES_ERROR;
				GCC_WARN_UNDECLARED_SELECTOR = YES;
				GCC_WARN_UNINITIALIZED_AUTOS = YES_AGGRESSIVE;
				GCC_WARN_UNUSED_FUNCTION = YES;
				GCC_WARN_UNUSED_VARIABLE = YES;
				IPHONEOS_DEPLOYMENT_TARGET = 18.5;
				LOCALIZATION_PREFERS_STRING_CATALOGS = YES;
				MTL_ENABLE_DEBUG_INFO = NO;
				MTL_FAST_MATH = YES;
				SDKROOT = iphoneos;
				STRING_CATALOG_GENERATE_SYMBOLS = YES;
				SWIFT_COMPILATION_MODE = wholemodule;
				VALIDATE_PRODUCT = YES;
			};
			name = Release;
		};
		2B0715FA2E7066AF003FE51A /* Debug */ = {
			isa = XCBuildConfiguration;
			buildSettings = {
				BUNDLE_LOADER = "$(TEST_HOST)";
				CODE_SIGN_STYLE = Automatic;
				CURRENT_PROJECT_VERSION = 1;
				GENERATE_INFOPLIST_FILE = YES;
				IPHONEOS_DEPLOYMENT_TARGET = 18.5;
				MARKETING_VERSION = 1.0;
				PRODUCT_BUNDLE_IDENTIFIER = com.cirkl.CirklTests;
				PRODUCT_NAME = "$(TARGET_NAME)";
				SWIFT_EMIT_LOC_STRINGS = NO;
				SWIFT_VERSION = 5.0;
				TARGETED_DEVICE_FAMILY = "1,2";
				TEST_HOST = "$(BUILT_PRODUCTS_DIR)/Cirkl.app/$(BUNDLE_EXECUTABLE_FOLDER_PATH)/Cirkl";
			};
			name = Debug;
		};
		2B0715FB2E7066AF003FE51A /* Release */ = {
			isa = XCBuildConfiguration;
			buildSettings = {
				BUNDLE_LOADER = "$(TEST_HOST)";
				CODE_SIGN_STYLE = Automatic;
				CURRENT_PROJECT_VERSION = 1;
				GENERATE_INFOPLIST_FILE = YES;
				IPHONEOS_DEPLOYMENT_TARGET = 18.5;
				MARKETING_VERSION = 1.0;
				PRODUCT_BUNDLE_IDENTIFIER = com.cirkl.CirklTests;
				PRODUCT_NAME = "$(TARGET_NAME)";
				SWIFT_EMIT_LOC_STRINGS = NO;
				SWIFT_VERSION = 5.0;
				TARGETED_DEVICE_FAMILY = "1,2";
				TEST_HOST = "$(BUILT_PRODUCTS_DIR)/Cirkl.app/$(BUNDLE_EXECUTABLE_FOLDER_PATH)/Cirkl";
			};
			name = Release;
		};
		2B0715FD2E7066AF003FE51A /* Debug */ = {
			isa = XCBuildConfiguration;
			buildSettings = {
				CODE_SIGN_STYLE = Automatic;
				CURRENT_PROJECT_VERSION = 1;
				GENERATE_INFOPLIST_FILE = YES;
				MARKETING_VERSION = 1.0;
				PRODUCT_BUNDLE_IDENTIFIER = com.cirkl.CirklUITests;
				PRODUCT_NAME = "$(TARGET_NAME)";
				SWIFT_EMIT_LOC_STRINGS = NO;
				SWIFT_VERSION = 5.0;
				TARGETED_DEVICE_FAMILY = "1,2";
				TEST_TARGET_NAME = Cirkl;
			};
			name = Debug;
		};
		2B0715FE2E7066AF003FE51A /* Release */ = {
			isa = XCBuildConfiguration;
			buildSettings = {
				CODE_SIGN_STYLE = Automatic;
				CURRENT_PROJECT_VERSION = 1;
				GENERATE_INFOPLIST_FILE = YES;
				MARKETING_VERSION = 1.0;
				PRODUCT_BUNDLE_IDENTIFIER = com.cirkl.CirklUITests;
				PRODUCT_NAME = "$(TARGET_NAME)";
				SWIFT_EMIT_LOC_STRINGS = NO;
				SWIFT_VERSION = 5.0;
				TARGETED_DEVICE_FAMILY = "1,2";
				TEST_TARGET_NAME = Cirkl;
			};
			name = Release;
		};
/* End XCBuildConfiguration section */

/* Begin XCConfigurationList section */
		2B0715CB2E7066AD003FE51A /* Build configuration list for PBXProject "Cirkl" */ = {
			isa = XCConfigurationList;
			buildConfigurations = (
				2B0715F72E7066AF003FE51A /* Debug */,
				2B0715F82E7066AF003FE51A /* Release */,
			);
			defaultConfigurationIsVisible = 0;
			defaultConfigurationName = Release;
		};
		2B0715F42E7066AF003FE51A /* Build configuration list for PBXNativeTarget "Cirkl" */ = {
			isa = XCConfigurationList;
			buildConfigurations = (
				2B0715F52E7066AF003FE51A /* Debug */,
				2B0715F62E7066AF003FE51A /* Release */,
			);
			defaultConfigurationIsVisible = 0;
			defaultConfigurationName = Release;
		};
		2B0715F92E7066AF003FE51A /* Build configuration list for PBXNativeTarget "CirklTests" */ = {
			isa = XCConfigurationList;
			buildConfigurations = (
				2B0715FA2E7066AF003FE51A /* Debug */,
				2B0715FB2E7066AF003FE51A /* Release */,
			);
			defaultConfigurationIsVisible = 0;
			defaultConfigurationName = Release;
		};
		2B0715FC2E7066AF003FE51A /* Build configuration list for PBXNativeTarget "CirklUITests" */ = {
			isa = XCConfigurationList;
			buildConfigurations = (
				2B0715FD2E7066AF003FE51A /* Debug */,
				2B0715FE2E7066AF003FE51A /* Release */,
			);
			defaultConfigurationIsVisible = 0;
			defaultConfigurationName = Release;
		};
/* End XCConfigurationList section */

/* Begin XCRemoteSwiftPackageReference section */
		2BE5DA642F13C02300742EE5 /* XCRemoteSwiftPackageReference "supabase-swift" */ = {
			isa = XCRemoteSwiftPackageReference;
			repositoryURL = "https://github.com/supabase/supabase-swift";
			requirement = {
				kind = upToNextMajorVersion;
				minimumVersion = 2.5.1;
			};
		};
		2BE5DA8D2F15286700742EE5 /* XCRemoteSwiftPackageReference "PopupView" */ = {
			isa = XCRemoteSwiftPackageReference;
			repositoryURL = "https://github.com/exyte/PopupView";
			requirement = {
				kind = upToNextMajorVersion;
				minimumVersion = 4.1.18;
			};
		};
		2BE5DA902F1528C900742EE5 /* XCRemoteSwiftPackageReference "lottie-ios" */ = {
			isa = XCRemoteSwiftPackageReference;
			repositoryURL = "https://github.com/airbnb/lottie-ios";
			requirement = {
				kind = upToNextMajorVersion;
				minimumVersion = 4.6.0;
			};
		};
		2BE5DA932F1528E900742EE5 /* XCRemoteSwiftPackageReference "LiquidGlass" */ = {
			isa = XCRemoteSwiftPackageReference;
			repositoryURL = "https://github.com/BarredEwe/LiquidGlass";
			requirement = {
				kind = upToNextMajorVersion;
				minimumVersion = 0.8.0;
			};
		};
		2BE5DA962F15290800742EE5 /* XCRemoteSwiftPackageReference "AnimateText" */ = {
			isa = XCRemoteSwiftPackageReference;
			repositoryURL = "https://github.com/jasudev/AnimateText";
			requirement = {
				kind = upToNextMajorVersion;
				minimumVersion = 0.5.0;
			};
		};
		2BE5DA992F1529BA00742EE5 /* XCRemoteSwiftPackageReference "Kingfisher" */ = {
			isa = XCRemoteSwiftPackageReference;
			repositoryURL = "https://github.com/onevcat/Kingfisher";
			requirement = {
				kind = upToNextMajorVersion;
				minimumVersion = 8.6.2;
			};
		};
		2BE5DA9C2F1529DD00742EE5 /* XCRemoteSwiftPackageReference "SwiftUIX" */ = {
			isa = XCRemoteSwiftPackageReference;
			repositoryURL = "https://github.com/SwiftUIX/SwiftUIX";
			requirement = {
				kind = upToNextMajorVersion;
				minimumVersion = 0.2.4;
			};
		};
		2BE5DA9F2F1529FE00742EE5 /* XCRemoteSwiftPackageReference "ConfettiSwiftUI" */ = {
			isa = XCRemoteSwiftPackageReference;
			repositoryURL = "https://github.com/simibac/ConfettiSwiftUI";
			requirement = {
				kind = upToNextMajorVersion;
				minimumVersion = 3.0.0;
			};
		};
		2BE5DAA22F152A2100742EE5 /* XCRemoteSwiftPackageReference "SwiftUI-Shimmer" */ = {
			isa = XCRemoteSwiftPackageReference;
			repositoryURL = "https://github.com/markiv/SwiftUI-Shimmer";
			requirement = {
				kind = upToNextMajorVersion;
				minimumVersion = 1.5.1;
			};
		};
		2BE5DAAA2F152A9D00742EE5 /* XCRemoteSwiftPackageReference "ConcentricOnboarding" */ = {
			isa = XCRemoteSwiftPackageReference;
			repositoryURL = "https://github.com/exyte/ConcentricOnboarding";
			requirement = {
				kind = upToNextMajorVersion;
				minimumVersion = 1.1.1;
			};
		};
		2BE5DAAD2F15423800742EE5 /* XCRemoteSwiftPackageReference "SwifterSwift" */ = {
			isa = XCRemoteSwiftPackageReference;
			repositoryURL = "https://github.com/SwifterSwift/SwifterSwift";
			requirement = {
				kind = upToNextMajorVersion;
				minimumVersion = 8.0.0;
			};
		};
/* End XCRemoteSwiftPackageReference section */

/* Begin XCSwiftPackageProductDependency section */
		2BE5DA652F13C02300742EE5 /* Auth */ = {
			isa = XCSwiftPackageProductDependency;
			package = 2BE5DA642F13C02300742EE5 /* XCRemoteSwiftPackageReference "supabase-swift" */;
			productName = Auth;
		};
		2BE5DA672F13C02300742EE5 /* PostgREST */ = {
			isa = XCSwiftPackageProductDependency;
			package = 2BE5DA642F13C02300742EE5 /* XCRemoteSwiftPackageReference "supabase-swift" */;
			productName = PostgREST;
		};
		2BE5DA6A2F13C1A800742EE5 /* Supabase */ = {
			isa = XCSwiftPackageProductDependency;
			package = 2BE5DA642F13C02300742EE5 /* XCRemoteSwiftPackageReference "supabase-swift" */;
			productName = Supabase;
		};
		2BE5DA8E2F15286700742EE5 /* PopupView */ = {
			isa = XCSwiftPackageProductDependency;
			package = 2BE5DA8D2F15286700742EE5 /* XCRemoteSwiftPackageReference "PopupView" */;
			productName = PopupView;
		};
		2BE5DA912F1528C900742EE5 /* Lottie */ = {
			isa = XCSwiftPackageProductDependency;
			package = 2BE5DA902F1528C900742EE5 /* XCRemoteSwiftPackageReference "lottie-ios" */;
			productName = Lottie;
		};
		2BE5DA942F1528E900742EE5 /* LiquidGlass */ = {
			isa = XCSwiftPackageProductDependency;
			package = 2BE5DA932F1528E900742EE5 /* XCRemoteSwiftPackageReference "LiquidGlass" */;
			productName = LiquidGlass;
		};
		2BE5DA972F15290800742EE5 /* AnimateText */ = {
			isa = XCSwiftPackageProductDependency;
			package = 2BE5DA962F15290800742EE5 /* XCRemoteSwiftPackageReference "AnimateText" */;
			productName = AnimateText;
		};
		2BE5DA9A2F1529BA00742EE5 /* Kingfisher */ = {
			isa = XCSwiftPackageProductDependency;
			package = 2BE5DA992F1529BA00742EE5 /* XCRemoteSwiftPackageReference "Kingfisher" */;
			productName = Kingfisher;
		};
		2BE5DA9D2F1529DD00742EE5 /* SwiftUIX */ = {
			isa = XCSwiftPackageProductDependency;
			package = 2BE5DA9C2F1529DD00742EE5 /* XCRemoteSwiftPackageReference "SwiftUIX" */;
			productName = SwiftUIX;
		};
		2BE5DAA02F1529FE00742EE5 /* ConfettiSwiftUI */ = {
			isa = XCSwiftPackageProductDependency;
			package = 2BE5DA9F2F1529FE00742EE5 /* XCRemoteSwiftPackageReference "ConfettiSwiftUI" */;
			productName = ConfettiSwiftUI;
		};
		2BE5DAA32F152A2100742EE5 /* Shimmer */ = {
			isa = XCSwiftPackageProductDependency;
			package = 2BE5DAA22F152A2100742EE5 /* XCRemoteSwiftPackageReference "SwiftUI-Shimmer" */;
			productName = Shimmer;
		};
		2BE5DAAB2F152A9D00742EE5 /* ConcentricOnboarding */ = {
			isa = XCSwiftPackageProductDependency;
			package = 2BE5DAAA2F152A9D00742EE5 /* XCRemoteSwiftPackageReference "ConcentricOnboarding" */;
			productName = ConcentricOnboarding;
		};
		2BE5DAAE2F15423800742EE5 /* SwifterSwift */ = {
			isa = XCSwiftPackageProductDependency;
			package = 2BE5DAAD2F15423800742EE5 /* XCRemoteSwiftPackageReference "SwifterSwift" */;
			productName = SwifterSwift;
		};
/* End XCSwiftPackageProductDependency section */
	};
	rootObject = 2B0715C82E7066AD003FE51A /* Project object */;
}
